
Microsoft Visual Studio Solution File, Format Version 12.00
# Visual Studio Version 16
VisualStudioVersion = 16.0.31105.61
MinimumVisualStudioVersion = 10.0.40219.1
Project("{9A19103F-16F7-4668-BE54-9A1E7A4F7556}") = "BlazorApp", "BlazorApp\BlazorApp.csproj", "{DF627AAE-DB82-4E85-BFB0-56E4F02788E4}"
EndProject
Project("{9A19103F-16F7-4668-BE54-9A1E7A4F7556}") = "BlazorSample", "BlazorSample\BlazorSample.csproj", "{60328D75-6FA4-40A8-BC1F-3D340397CDB6}"
EndProject
Global
	GlobalSection(SolutionConfigurationPlatforms) = preSolution
		Debug|Any CPU = Debug|Any CPU
		Release|Any CPU = Release|Any CPU
	EndGlobalSection
	GlobalSection(ProjectConfigurationPlatforms) = postSolution
		{DF627AAE-DB82-4E85-BFB0-56E4F02788E4}.Debug|Any CPU.ActiveCfg = Debug|Any CPU
		{DF627AAE-DB82-4E85-BFB0-56E4F02788E4}.Debug|Any CPU.Build.0 = Debug|Any CPU
		{DF627AAE-DB82-4E85-BFB0-56E4F02788E4}.Release|Any CPU.ActiveCfg = Release|Any CPU
		{DF627AAE-DB82-4E85-BFB0-56E4F02788E4}.Release|Any CPU.Build.0 = Release|Any CPU
		{60328D75-6FA4-40A8-BC1F-3D340397CDB6}.Debug|Any CPU.ActiveCfg = Debug|Any CPU
		{60328D75-6FA4-40A8-BC1F-3D340397CDB6}.Debug|Any CPU.Build.0 = Debug|Any CPU
		{60328D75-6FA4-40A8-BC1F-3D340397CDB6}.Release|Any CPU.ActiveCfg = Release|Any CPU
		{60328D75-6FA4-40A8-BC1F-3D340397CDB6}.Release|Any CPU.Build.0 = Release|Any CPU
	EndGlobalSection
	GlobalSection(SolutionProperties) = preSolution
		HideSolutionNode = FALSE
	EndGlobalSection
	GlobalSection(ExtensibilityGlobals) = postSolution
		SolutionGuid = {BEB3AAD6-55E0-4A6D-A3F2-935FC126F173}
	EndGlobalSection
EndGlobal
